
Microsoft Visual Studio Solution File, Format Version 12.00
# Visual Studio Version 17
VisualStudioVersion = 17.12.35209.166
MinimumVisualStudioVersion = 10.0.40219.1
Project("{9A19103F-16F7-4668-BE54-9A1E7A4F7556}") = "ISL.Reidentification.Api", "ISL.Reidentification.Api\ISL.Reidentification.Api.csproj", "{FCCF1110-C11B-4A3C-8464-EEB88AEE78FA}"
EndProject
Project("{2150E333-8FDC-42A3-9474-1A3956D46DE8}") = "_Core", "_Core", "{84F16610-F68A-42B8-A7C0-839F4B02A4C5}"
EndProject
Project("{2150E333-8FDC-42A3-9474-1A3956D46DE8}") = "APIs", "APIs", "{648C7C28-216F-4C3F-8E7D-F08DE9A87F89}"
EndProject
Project("{2150E333-8FDC-42A3-9474-1A3956D46DE8}") = "Functions", "Functions", "{0B4CF0B3-C90F-4F0C-8D99-3C67A454DCA0}"
EndProject
Project("{2150E333-8FDC-42A3-9474-1A3956D46DE8}") = "WebApps", "WebApps", "{57C650B0-0156-4E70-AE12-113039EF15D3}"
EndProject
Project("{9A19103F-16F7-4668-BE54-9A1E7A4F7556}") = "ISL.Reidentification.Api.Tests.Acceptance", "ISL.Reidentification.Api.Tests.Acceptance\ISL.Reidentification.Api.Tests.Acceptance.csproj", "{2D06F701-98D6-4548-A284-7C1EE3B3E584}"
EndProject
Project("{9A19103F-16F7-4668-BE54-9A1E7A4F7556}") = "ISL.Reidentification.Core", "ISL.Reidentification.Core\ISL.Reidentification.Core.csproj", "{F943467A-A2A7-492C-94FD-DC763537F31B}"
EndProject
Project("{9A19103F-16F7-4668-BE54-9A1E7A4F7556}") = "ISL.Reidentification.Core.Tests.Unit", "ISL.Reidentification.Core.Tests.Unit\ISL.Reidentification.Core.Tests.Unit.csproj", "{BAD10164-EB32-4B36-8AF4-FCBDBCFB024B}"
EndProject
Project("{9A19103F-16F7-4668-BE54-9A1E7A4F7556}") = "ISL.Reidentification.Functions", "ISL.Reidentification.Functions\ISL.Reidentification.Functions.csproj", "{4738B57B-7085-46F6-BB08-14A51A26896C}"
EndProject
Project("{9A19103F-16F7-4668-BE54-9A1E7A4F7556}") = "ISL.Reidentification.Api.Tests.Integration", "ISL.Reidentification.Api.Tests.Integration\ISL.Reidentification.Api.Tests.Integration.csproj", "{8630A32D-E7B9-4256-B535-075B253B56BB}"
EndProject
Project("{9A19103F-16F7-4668-BE54-9A1E7A4F7556}") = "ISL.Reidentification.Clients", "ISL.Reidentification.Clients\ISL.Reidentification.Clients.csproj", "{7A1035B7-53B9-437D-B5FE-82CE0CF4973D}"
EndProject
Project("{2150E333-8FDC-42A3-9474-1A3956D46DE8}") = "Clients", "Clients", "{959E2D1E-E4F8-462F-B4B3-8AB0DAF0416B}"
EndProject
Project("{2150E333-8FDC-42A3-9474-1A3956D46DE8}") = "Configurations", "Configurations", "{6521DC95-959B-4EDA-98C1-8D6E1B14576F}"
EndProject
Project("{54A90642-561A-4BB1-A94E-469ADEE60C69}") = "ISL.Reidentification.Configurations.Client", "ISL.Reidentification.WebApps.Configurations\ISL.Reidentification.Configurations.Client\ISL.Reidentification.Configurations.Client.esproj", "{0EEBCE83-F94E-4571-B114-FF1426279F60}"
EndProject
Project("{9A19103F-16F7-4668-BE54-9A1E7A4F7556}") = "ISL.Reidentification.Configurations.Server", "ISL.Reidentification.WebApps.Configurations\ISL.Reidentification.Configurations.Server\ISL.Reidentification.Configurations.Server.csproj", "{60BB73D7-D01C-4E4B-ADFD-BE9F88DC695E}"
EndProject
Project("{9A19103F-16F7-4668-BE54-9A1E7A4F7556}") = "ISL.Reidentification.Configurations.Server.Tests.Acceptance", "ISL.Reidentification.WebApps.Configurations\ISL.Reidentification.Configurations.Server.Tests.Acceptance\ISL.Reidentification.Configurations.Server.Tests.Acceptance.csproj", "{57D74F54-41AE-44D0-BC16-7E16DB8F3CD4}"
EndProject
Project("{9A19103F-16F7-4668-BE54-9A1E7A4F7556}") = "ISL.Reidentification.Configurations.Server.Tests.Integrations", "ISL.Reidentification.WebApps.Configurations\ISL.Reidentification.Configurations.Server.Tests.Integrations\ISL.Reidentification.Configurations.Server.Tests.Integrations.csproj", "{77D4F8D8-6305-49B4-AA91-67C41B531F9E}"
EndProject
Global
	GlobalSection(SolutionConfigurationPlatforms) = preSolution
		Debug|Any CPU = Debug|Any CPU
		Release|Any CPU = Release|Any CPU
	EndGlobalSection
	GlobalSection(ProjectConfigurationPlatforms) = postSolution
		{FCCF1110-C11B-4A3C-8464-EEB88AEE78FA}.Debug|Any CPU.ActiveCfg = Debug|Any CPU
		{FCCF1110-C11B-4A3C-8464-EEB88AEE78FA}.Debug|Any CPU.Build.0 = Debug|Any CPU
		{FCCF1110-C11B-4A3C-8464-EEB88AEE78FA}.Release|Any CPU.ActiveCfg = Release|Any CPU
		{FCCF1110-C11B-4A3C-8464-EEB88AEE78FA}.Release|Any CPU.Build.0 = Release|Any CPU
		{2D06F701-98D6-4548-A284-7C1EE3B3E584}.Debug|Any CPU.ActiveCfg = Debug|Any CPU
		{2D06F701-98D6-4548-A284-7C1EE3B3E584}.Debug|Any CPU.Build.0 = Debug|Any CPU
		{2D06F701-98D6-4548-A284-7C1EE3B3E584}.Release|Any CPU.ActiveCfg = Release|Any CPU
		{2D06F701-98D6-4548-A284-7C1EE3B3E584}.Release|Any CPU.Build.0 = Release|Any CPU
		{F943467A-A2A7-492C-94FD-DC763537F31B}.Debug|Any CPU.ActiveCfg = Debug|Any CPU
		{F943467A-A2A7-492C-94FD-DC763537F31B}.Debug|Any CPU.Build.0 = Debug|Any CPU
		{F943467A-A2A7-492C-94FD-DC763537F31B}.Release|Any CPU.ActiveCfg = Release|Any CPU
		{F943467A-A2A7-492C-94FD-DC763537F31B}.Release|Any CPU.Build.0 = Release|Any CPU
		{BAD10164-EB32-4B36-8AF4-FCBDBCFB024B}.Debug|Any CPU.ActiveCfg = Debug|Any CPU
		{BAD10164-EB32-4B36-8AF4-FCBDBCFB024B}.Debug|Any CPU.Build.0 = Debug|Any CPU
		{BAD10164-EB32-4B36-8AF4-FCBDBCFB024B}.Release|Any CPU.ActiveCfg = Release|Any CPU
		{BAD10164-EB32-4B36-8AF4-FCBDBCFB024B}.Release|Any CPU.Build.0 = Release|Any CPU
		{4738B57B-7085-46F6-BB08-14A51A26896C}.Debug|Any CPU.ActiveCfg = Debug|Any CPU
		{4738B57B-7085-46F6-BB08-14A51A26896C}.Debug|Any CPU.Build.0 = Debug|Any CPU
		{4738B57B-7085-46F6-BB08-14A51A26896C}.Release|Any CPU.ActiveCfg = Release|Any CPU
		{4738B57B-7085-46F6-BB08-14A51A26896C}.Release|Any CPU.Build.0 = Release|Any CPU
		{8630A32D-E7B9-4256-B535-075B253B56BB}.Debug|Any CPU.ActiveCfg = Debug|Any CPU
		{8630A32D-E7B9-4256-B535-075B253B56BB}.Debug|Any CPU.Build.0 = Debug|Any CPU
		{8630A32D-E7B9-4256-B535-075B253B56BB}.Release|Any CPU.ActiveCfg = Release|Any CPU
		{8630A32D-E7B9-4256-B535-075B253B56BB}.Release|Any CPU.Build.0 = Release|Any CPU
		{7A1035B7-53B9-437D-B5FE-82CE0CF4973D}.Debug|Any CPU.ActiveCfg = Debug|Any CPU
		{7A1035B7-53B9-437D-B5FE-82CE0CF4973D}.Debug|Any CPU.Build.0 = Debug|Any CPU
		{7A1035B7-53B9-437D-B5FE-82CE0CF4973D}.Release|Any CPU.ActiveCfg = Release|Any CPU
		{7A1035B7-53B9-437D-B5FE-82CE0CF4973D}.Release|Any CPU.Build.0 = Release|Any CPU
		{0EEBCE83-F94E-4571-B114-FF1426279F60}.Debug|Any CPU.ActiveCfg = Debug|Any CPU
		{0EEBCE83-F94E-4571-B114-FF1426279F60}.Debug|Any CPU.Build.0 = Debug|Any CPU
		{0EEBCE83-F94E-4571-B114-FF1426279F60}.Debug|Any CPU.Deploy.0 = Debug|Any CPU
		{0EEBCE83-F94E-4571-B114-FF1426279F60}.Release|Any CPU.ActiveCfg = Release|Any CPU
		{0EEBCE83-F94E-4571-B114-FF1426279F60}.Release|Any CPU.Build.0 = Release|Any CPU
		{0EEBCE83-F94E-4571-B114-FF1426279F60}.Release|Any CPU.Deploy.0 = Release|Any CPU
		{60BB73D7-D01C-4E4B-ADFD-BE9F88DC695E}.Debug|Any CPU.ActiveCfg = Debug|Any CPU
		{60BB73D7-D01C-4E4B-ADFD-BE9F88DC695E}.Debug|Any CPU.Build.0 = Debug|Any CPU
		{60BB73D7-D01C-4E4B-ADFD-BE9F88DC695E}.Release|Any CPU.ActiveCfg = Release|Any CPU
		{60BB73D7-D01C-4E4B-ADFD-BE9F88DC695E}.Release|Any CPU.Build.0 = Release|Any CPU
		{57D74F54-41AE-44D0-BC16-7E16DB8F3CD4}.Debug|Any CPU.ActiveCfg = Debug|Any CPU
		{57D74F54-41AE-44D0-BC16-7E16DB8F3CD4}.Debug|Any CPU.Build.0 = Debug|Any CPU
		{57D74F54-41AE-44D0-BC16-7E16DB8F3CD4}.Release|Any CPU.ActiveCfg = Release|Any CPU
		{57D74F54-41AE-44D0-BC16-7E16DB8F3CD4}.Release|Any CPU.Build.0 = Release|Any CPU
		{77D4F8D8-6305-49B4-AA91-67C41B531F9E}.Debug|Any CPU.ActiveCfg = Debug|Any CPU
		{77D4F8D8-6305-49B4-AA91-67C41B531F9E}.Debug|Any CPU.Build.0 = Debug|Any CPU
		{77D4F8D8-6305-49B4-AA91-67C41B531F9E}.Release|Any CPU.ActiveCfg = Release|Any CPU
		{77D4F8D8-6305-49B4-AA91-67C41B531F9E}.Release|Any CPU.Build.0 = Release|Any CPU
	EndGlobalSection
	GlobalSection(SolutionProperties) = preSolution
		HideSolutionNode = FALSE
	EndGlobalSection
	GlobalSection(NestedProjects) = preSolution
		{FCCF1110-C11B-4A3C-8464-EEB88AEE78FA} = {648C7C28-216F-4C3F-8E7D-F08DE9A87F89}
		{2D06F701-98D6-4548-A284-7C1EE3B3E584} = {648C7C28-216F-4C3F-8E7D-F08DE9A87F89}
		{F943467A-A2A7-492C-94FD-DC763537F31B} = {84F16610-F68A-42B8-A7C0-839F4B02A4C5}
		{BAD10164-EB32-4B36-8AF4-FCBDBCFB024B} = {84F16610-F68A-42B8-A7C0-839F4B02A4C5}
		{4738B57B-7085-46F6-BB08-14A51A26896C} = {0B4CF0B3-C90F-4F0C-8D99-3C67A454DCA0}
		{8630A32D-E7B9-4256-B535-075B253B56BB} = {648C7C28-216F-4C3F-8E7D-F08DE9A87F89}
		{7A1035B7-53B9-437D-B5FE-82CE0CF4973D} = {959E2D1E-E4F8-462F-B4B3-8AB0DAF0416B}
		{6521DC95-959B-4EDA-98C1-8D6E1B14576F} = {57C650B0-0156-4E70-AE12-113039EF15D3}
		{0EEBCE83-F94E-4571-B114-FF1426279F60} = {6521DC95-959B-4EDA-98C1-8D6E1B14576F}
		{60BB73D7-D01C-4E4B-ADFD-BE9F88DC695E} = {6521DC95-959B-4EDA-98C1-8D6E1B14576F}
		{57D74F54-41AE-44D0-BC16-7E16DB8F3CD4} = {6521DC95-959B-4EDA-98C1-8D6E1B14576F}
		{77D4F8D8-6305-49B4-AA91-67C41B531F9E} = {6521DC95-959B-4EDA-98C1-8D6E1B14576F}
	EndGlobalSection
	GlobalSection(ExtensibilityGlobals) = postSolution
		SolutionGuid = {0D717146-FA34-4806-92FA-B345A87F5D78}
	EndGlobalSection
EndGlobal
